// !$*UTF8*$!
{
	archiveVersion = 1;
	classes = {
	};
	objectVersion = 55;
	objects = {

/* Begin PBXBuildFile section */
		4F29B3C3286C1259004950C1 /* AppDelegate.swift in Sources */ = {isa = PBXBuildFile; fileRef = 4F29B3C2286C1259004950C1 /* AppDelegate.swift */; };
		4F29B3C5286C1259004950C1 /* SceneDelegate.swift in Sources */ = {isa = PBXBuildFile; fileRef = 4F29B3C4286C1259004950C1 /* SceneDelegate.swift */; };
		4F29B3C7286C1259004950C1 /* ViewController.swift in Sources */ = {isa = PBXBuildFile; fileRef = 4F29B3C6286C1259004950C1 /* ViewController.swift */; };
		4F29B3CA286C1259004950C1 /* Main.storyboard in Resources */ = {isa = PBXBuildFile; fileRef = 4F29B3C8286C1259004950C1 /* Main.storyboard */; };
		4F29B3CC286C125A004950C1 /* Assets.xcassets in Resources */ = {isa = PBXBuildFile; fileRef = 4F29B3CB286C125A004950C1 /* Assets.xcassets */; };
		4F29B3CF286C125A004950C1 /* LaunchScreen.storyboard in Resources */ = {isa = PBXBuildFile; fileRef = 4F29B3CD286C125A004950C1 /* LaunchScreen.storyboard */; };
		4F29B3D7286C1312004950C1 /* UCCustomMessage.swift in Sources */ = {isa = PBXBuildFile; fileRef = 4F29B3D6286C1312004950C1 /* UCCustomMessage.swift */; };
		4F29B3D9286C132A004950C1 /* UCCustomMessage.xib in Resources */ = {isa = PBXBuildFile; fileRef = 4F29B3D8286C132A004950C1 /* UCCustomMessage.xib */; };
		4F29B3DB286CB8E6004950C1 /* UCCustomMessage2.swift in Sources */ = {isa = PBXBuildFile; fileRef = 4F29B3DA286CB8E6004950C1 /* UCCustomMessage2.swift */; };
		4F29B3DD286CB949004950C1 /* UCCustomMessage2.xib in Resources */ = {isa = PBXBuildFile; fileRef = 4F29B3DC286CB949004950C1 /* UCCustomMessage2.xib */; };
/* End PBXBuildFile section */

/* Begin PBXFileReference section */
		4F29B3BF286C1259004950C1 /* custom-message.app */ = {isa = PBXFileReference; explicitFileType = wrapper.application; includeInIndex = 0; path = "custom-message.app"; sourceTree = BUILT_PRODUCTS_DIR; };
		4F29B3C2286C1259004950C1 /* AppDelegate.swift */ = {isa = PBXFileReference; lastKnownFileType = sourcecode.swift; path = AppDelegate.swift; sourceTree = "<group>"; };
		4F29B3C4286C1259004950C1 /* SceneDelegate.swift */ = {isa = PBXFileReference; lastKnownFileType = sourcecode.swift; path = SceneDelegate.swift; sourceTree = "<group>"; };
		4F29B3C6286C1259004950C1 /* ViewController.swift */ = {isa = PBXFileReference; lastKnownFileType = sourcecode.swift; path = ViewController.swift; sourceTree = "<group>"; };
		4F29B3C9286C1259004950C1 /* Base */ = {isa = PBXFileReference; lastKnownFileType = file.storyboard; name = Base; path = Base.lproj/Main.storyboard; sourceTree = "<group>"; };
		4F29B3CB286C125A004950C1 /* Assets.xcassets */ = {isa = PBXFileReference; lastKnownFileType = folder.assetcatalog; path = Assets.xcassets; sourceTree = "<group>"; };
		4F29B3CE286C125A004950C1 /* Base */ = {isa = PBXFileReference; lastKnownFileType = file.storyboard; name = Base; path = Base.lproj/LaunchScreen.storyboard; sourceTree = "<group>"; };
		4F29B3D0286C125A004950C1 /* Info.plist */ = {isa = PBXFileReference; lastKnownFileType = text.plist.xml; path = Info.plist; sourceTree = "<group>"; };
		4F29B3D6286C1312004950C1 /* UCCustomMessage.swift */ = {isa = PBXFileReference; lastKnownFileType = sourcecode.swift; path = UCCustomMessage.swift; sourceTree = "<group>"; };
		4F29B3D8286C132A004950C1 /* UCCustomMessage.xib */ = {isa = PBXFileReference; lastKnownFileType = file.xib; path = UCCustomMessage.xib; sourceTree = "<group>"; };
		4F29B3DA286CB8E6004950C1 /* UCCustomMessage2.swift */ = {isa = PBXFileReference; lastKnownFileType = sourcecode.swift; path = UCCustomMessage2.swift; sourceTree = "<group>"; };
		4F29B3DC286CB949004950C1 /* UCCustomMessage2.xib */ = {isa = PBXFileReference; fileEncoding = 4; lastKnownFileType = file.xib; path = UCCustomMessage2.xib; sourceTree = "<group>"; };
/* End PBXFileReference section */

/* Begin PBXFrameworksBuildPhase section */
		4F29B3BC286C1259004950C1 /* Frameworks */ = {
			isa = PBXFrameworksBuildPhase;
			buildActionMask = 2147483647;
			files = (
			);
			runOnlyForDeploymentPostprocessing = 0;
		};
/* End PBXFrameworksBuildPhase section */

/* Begin PBXGroup section */
		4F29B3B6286C1259004950C1 = {
			isa = PBXGroup;
			children = (
				4F29B3C1286C1259004950C1 /* custom-message */,
				4F29B3C0286C1259004950C1 /* Products */,
			);
			sourceTree = "<group>";
		};
		4F29B3C0286C1259004950C1 /* Products */ = {
			isa = PBXGroup;
			children = (
				4F29B3BF286C1259004950C1 /* custom-message.app */,
			);
			name = Products;
			sourceTree = "<group>";
		};
		4F29B3C1286C1259004950C1 /* custom-message */ = {
			isa = PBXGroup;
			children = (
				4F29B3C2286C1259004950C1 /* AppDelegate.swift */,
				4F29B3C4286C1259004950C1 /* SceneDelegate.swift */,
				4F29B3C6286C1259004950C1 /* ViewController.swift */,
				4F29B3DA286CB8E6004950C1 /* UCCustomMessage2.swift */,
				4F29B3DC286CB949004950C1 /* UCCustomMessage2.xib */,
				4F29B3D6286C1312004950C1 /* UCCustomMessage.swift */,
				4F29B3D8286C132A004950C1 /* UCCustomMessage.xib */,
				4F29B3C8286C1259004950C1 /* Main.storyboard */,
				4F29B3CB286C125A004950C1 /* Assets.xcassets */,
				4F29B3CD286C125A004950C1 /* LaunchScreen.storyboard */,
				4F29B3D0286C125A004950C1 /* Info.plist */,
			);
			path = "custom-message";
			sourceTree = "<group>";
		};
/* End PBXGroup section */

/* Begin PBXNativeTarget section */
		4F29B3BE286C1259004950C1 /* custom-message */ = {
			isa = PBXNativeTarget;
			buildConfigurationList = 4F29B3D3286C125A004950C1 /* Build configuration list for PBXNativeTarget "custom-message" */;
			buildPhases = (
				4F29B3BB286C1259004950C1 /* Sources */,
				4F29B3BC286C1259004950C1 /* Frameworks */,
				4F29B3BD286C1259004950C1 /* Resources */,
			);
			buildRules = (
			);
			dependencies = (
			);
			name = "custom-message";
			productName = "custom-message";
			productReference = 4F29B3BF286C1259004950C1 /* custom-message.app */;
			productType = "com.apple.product-type.application";
		};
/* End PBXNativeTarget section */

/* Begin PBXProject section */
		4F29B3B7286C1259004950C1 /* Project object */ = {
			isa = PBXProject;
			attributes = {
				BuildIndependentTargetsInParallel = 1;
				LastSwiftUpdateCheck = 1330;
				LastUpgradeCheck = 1330;
				TargetAttributes = {
					4F29B3BE286C1259004950C1 = {
						CreatedOnToolsVersion = 13.3.1;
					};
				};
			};
			buildConfigurationList = 4F29B3BA286C1259004950C1 /* Build configuration list for PBXProject "custom-message" */;
			compatibilityVersion = "Xcode 13.0";
			developmentRegion = en;
			hasScannedForEncodings = 0;
			knownRegions = (
				en,
				Base,
			);
			mainGroup = 4F29B3B6286C1259004950C1;
			productRefGroup = 4F29B3C0286C1259004950C1 /* Products */;
			projectDirPath = "";
			projectRoot = "";
			targets = (
				4F29B3BE286C1259004950C1 /* custom-message */,
			);
		};
/* End PBXProject section */

/* Begin PBXResourcesBuildPhase section */
		4F29B3BD286C1259004950C1 /* Resources */ = {
			isa = PBXResourcesBuildPhase;
			buildActionMask = 2147483647;
			files = (
				4F29B3D9286C132A004950C1 /* UCCustomMessage.xib in Resources */,
				4F29B3DD286CB949004950C1 /* UCCustomMessage2.xib in Resources */,
				4F29B3CF286C125A004950C1 /* LaunchScreen.storyboard in Resources */,
				4F29B3CC286C125A004950C1 /* Assets.xcassets in Resources */,
				4F29B3CA286C1259004950C1 /* Main.storyboard in Resources */,
			);
			runOnlyForDeploymentPostprocessing = 0;
		};
/* End PBXResourcesBuildPhase section */

/* Begin PBXSourcesBuildPhase section */
		4F29B3BB286C1259004950C1 /* Sources */ = {
			isa = PBXSourcesBuildPhase;
			buildActionMask = 2147483647;
			files = (
				4F29B3D7286C1312004950C1 /* UCCustomMessage.swift in Sources */,
				4F29B3C7286C1259004950C1 /* ViewController.swift in Sources */,
				4F29B3C3286C1259004950C1 /* AppDelegate.swift in Sources */,
				4F29B3C5286C1259004950C1 /* SceneDelegate.swift in Sources */,
				4F29B3DB286CB8E6004950C1 /* UCCustomMessage2.swift in Sources */,
			);
			runOnlyForDeploymentPostprocessing = 0;
		};
/* End PBXSourcesBuildPhase section */

/* Begin PBXVariantGroup section */
		4F29B3C8286C1259004950C1 /* Main.storyboard */ = {
			isa = PBXVariantGroup;
			children = (
				4F29B3C9286C1259004950C1 /* Base */,
			);
			name = Main.storyboard;
			sourceTree = "<group>";
		};
		4F29B3CD286C125A004950C1 /* LaunchScreen.storyboard */ = {
			isa = PBXVariantGroup;
			children = (
				4F29B3CE286C125A004950C1 /* Base */,
			);
			name = LaunchScreen.storyboard;
			sourceTree = "<group>";
		};
/* End PBXVariantGroup section */

/* Begin XCBuildConfiguration section */
		4F29B3D1286C125A004950C1 /* Debug */ = {
			isa = XCBuildConfiguration;
			buildSettings = {
				ALWAYS_SEARCH_USER_PATHS = NO;
				CLANG_ANALYZER_NONNULL = YES;
				CLANG_ANALYZER_NUMBER_OBJECT_CONVERSION = YES_AGGRESSIVE;
				CLANG_CXX_LANGUAGE_STANDARD = "gnu++17";
				CLANG_ENABLE_MODULES = YES;
				CLANG_ENABLE_OBJC_ARC = YES;
				CLANG_ENABLE_OBJC_WEAK = YES;
				CLANG_WARN_BLOCK_CAPTURE_AUTORELEASING = YES;
				CLANG_WARN_BOOL_CONVERSION = YES;
				CLANG_WARN_COMMA = YES;
				CLANG_WARN_CONSTANT_CONVERSION = YES;
				CLANG_WARN_DEPRECATED_OBJC_IMPLEMENTATIONS = YES;
				CLANG_WARN_DIRECT_OBJC_ISA_USAGE = YES_ERROR;
				CLANG_WARN_DOCUMENTATION_COMMENTS = YES;
				CLANG_WARN_EMPTY_BODY = YES;
				CLANG_WARN_ENUM_CONVERSION = YES;
				CLANG_WARN_INFINITE_RECURSION = YES;
				CLANG_WARN_INT_CONVERSION = YES;
				CLANG_WARN_NON_LITERAL_NULL_CONVERSION = YES;
				CLANG_WARN_OBJC_IMPLICIT_RETAIN_SELF = YES;
				CLANG_WARN_OBJC_LITERAL_CONVERSION = YES;
				CLANG_WARN_OBJC_ROOT_CLASS = YES_ERROR;
				CLANG_WARN_QUOTED_INCLUDE_IN_FRAMEWORK_HEADER = YES;
				CLANG_WARN_RANGE_LOOP_ANALYSIS = YES;
				CLANG_WARN_STRICT_PROTOTYPES = YES;
				CLANG_WARN_SUSPICIOUS_MOVE = YES;
				CLANG_WARN_UNGUARDED_AVAILABILITY = YES_AGGRESSIVE;
				CLANG_WARN_UNREACHABLE_CODE = YES;
				CLANG_WARN__DUPLICATE_METHOD_MATCH = YES;
				COPY_PHASE_STRIP = NO;
				DEBUG_INFORMATION_FORMAT = dwarf;
				ENABLE_STRICT_OBJC_MSGSEND = YES;
				ENABLE_TESTABILITY = YES;
				GCC_C_LANGUAGE_STANDARD = gnu11;
				GCC_DYNAMIC_NO_PIC = NO;
				GCC_NO_COMMON_BLOCKS = YES;
				GCC_OPTIMIZATION_LEVEL = 0;
				GCC_PREPROCESSOR_DEFINITIONS = (
					"DEBUG=1",
					"$(inherited)",
				);
				GCC_WARN_64_TO_32_BIT_CONVERSION = YES;
				GCC_WARN_ABOUT_RETURN_TYPE = YES_ERROR;
				GCC_WARN_UNDECLARED_SELECTOR = YES;
				GCC_WARN_UNINITIALIZED_AUTOS = YES_AGGRESSIVE;
				GCC_WARN_UNUSED_FUNCTION = YES;
				GCC_WARN_UNUSED_VARIABLE = YES;
				IPHONEOS_DEPLOYMENT_TARGET = 15.4;
				MTL_ENABLE_DEBUG_INFO = INCLUDE_SOURCE;
				MTL_FAST_MATH = YES;
				ONLY_ACTIVE_ARCH = YES;
				SDKROOT = iphoneos;
				SWIFT_ACTIVE_COMPILATION_CONDITIONS = DEBUG;
				SWIFT_OPTIMIZATION_LEVEL = "-Onone";
			};
			name = Debug;
		};
		4F29B3D2286C125A004950C1 /* Release */ = {
			isa = XCBuildConfiguration;
			buildSettings = {
				ALWAYS_SEARCH_USER_PATHS = NO;
				CLANG_ANALYZER_NONNULL = YES;
				CLANG_ANALYZER_NUMBER_OBJECT_CONVERSION = YES_AGGRESSIVE;
				CLANG_CXX_LANGUAGE_STANDARD = "gnu++17";
				CLANG_ENABLE_MODULES = YES;
				CLANG_ENABLE_OBJC_ARC = YES;
				CLANG_ENABLE_OBJC_WEAK = YES;
				CLANG_WARN_BLOCK_CAPTURE_AUTORELEASING = YES;
				CLANG_WARN_BOOL_CONVERSION = YES;
				CLANG_WARN_COMMA = YES;
				CLANG_WARN_CONSTANT_CONVERSION = YES;
				CLANG_WARN_DEPRECATED_OBJC_IMPLEMENTATIONS = YES;
				CLANG_WARN_DIRECT_OBJC_ISA_USAGE = YES_ERROR;
				CLANG_WARN_DOCUMENTATION_COMMENTS = YES;
				CLANG_WARN_EMPTY_BODY = YES;
				CLANG_WARN_ENUM_CONVERSION = YES;
				CLANG_WARN_INFINITE_RECURSION = YES;
				CLANG_WARN_INT_CONVERSION = YES;
				CLANG_WARN_NON_LITERAL_NULL_CONVERSION = YES;
				CLANG_WARN_OBJC_IMPLICIT_RETAIN_SELF = YES;
				CLANG_WARN_OBJC_LITERAL_CONVERSION = YES;
				CLANG_WARN_OBJC_ROOT_CLASS = YES_ERROR;
				CLANG_WARN_QUOTED_INCLUDE_IN_FRAMEWORK_HEADER = YES;
				CLANG_WARN_RANGE_LOOP_ANALYSIS = YES;
				CLANG_WARN_STRICT_PROTOTYPES = YES;
				CLANG_WARN_SUSPICIOUS_MOVE = YES;
				CLANG_WARN_UNGUARDED_AVAILABILITY = YES_AGGRESSIVE;
				CLANG_WARN_UNREACHABLE_CODE = YES;
				CLANG_WARN__DUPLICATE_METHOD_MATCH = YES;
				COPY_PHASE_STRIP = NO;
				DEBUG_INFORMATION_FORMAT = "dwarf-with-dsym";
				ENABLE_NS_ASSERTIONS = NO;
				ENABLE_STRICT_OBJC_MSGSEND = YES;
				GCC_C_LANGUAGE_STANDARD = gnu11;
				GCC_NO_COMMON_BLOCKS = YES;
				GCC_WARN_64_TO_32_BIT_CONVERSION = YES;
				GCC_WARN_ABOUT_RETURN_TYPE = YES_ERROR;
				GCC_WARN_UNDECLARED_SELECTOR = YES;
				GCC_WARN_UNINITIALIZED_AUTOS = YES_AGGRESSIVE;
				GCC_WARN_UNUSED_FUNCTION = YES;
				GCC_WARN_UNUSED_VARIABLE = YES;
				IPHONEOS_DEPLOYMENT_TARGET = 15.4;
				MTL_ENABLE_DEBUG_INFO = NO;
				MTL_FAST_MATH = YES;
				SDKROOT = iphoneos;
				SWIFT_COMPILATION_MODE = wholemodule;
				SWIFT_OPTIMIZATION_LEVEL = "-O";
				VALIDATE_PRODUCT = YES;
			};
			name = Release;
		};
		4F29B3D4286C125A004950C1 /* Debug */ = {
			isa = XCBuildConfiguration;
			buildSettings = {
				ASSETCATALOG_COMPILER_APPICON_NAME = AppIcon;
				ASSETCATALOG_COMPILER_GLOBAL_ACCENT_COLOR_NAME = AccentColor;
				CODE_SIGN_STYLE = Automatic;
				CURRENT_PROJECT_VERSION = 1;
				GENERATE_INFOPLIST_FILE = YES;
				INFOPLIST_FILE = "custom-message/Info.plist";
				INFOPLIST_KEY_UIApplicationSupportsIndirectInputEvents = YES;
				INFOPLIST_KEY_UILaunchStoryboardName = LaunchScreen;
				INFOPLIST_KEY_UIMainStoryboardFile = Main;
				INFOPLIST_KEY_UISupportedInterfaceOrientations_iPad = "UIInterfaceOrientationPortrait UIInterfaceOrientationPortraitUpsideDown UIInterfaceOrientationLandscapeLeft UIInterfaceOrientationLandscapeRight";
				INFOPLIST_KEY_UISupportedInterfaceOrientations_iPhone = "UIInterfaceOrientationPortrait UIInterfaceOrientationLandscapeLeft UIInterfaceOrientationLandscapeRight";
				LD_RUNPATH_SEARCH_PATHS = (
					"$(inherited)",
					"@executable_path/Frameworks",
				);
				MARKETING_VERSION = 1.0;
				PRODUCT_BUNDLE_IDENTIFIER = "com.samples.custom-message";
				PRODUCT_NAME = "$(TARGET_NAME)";
				SWIFT_EMIT_LOC_STRINGS = YES;
				SWIFT_VERSION = 5.0;
				TARGETED_DEVICE_FAMILY = "1,2";
			};
			name = Debug;
		};
		4F29B3D5286C125A004950C1 /* Release */ = {
			isa = XCBuildConfiguration;
			buildSettings = {
				ASSETCATALOG_COMPILER_APPICON_NAME = AppIcon;
				ASSETCATALOG_COMPILER_GLOBAL_ACCENT_COLOR_NAME = AccentColor;
				CODE_SIGN_STYLE = Automatic;
				CURRENT_PROJECT_VERSION = 1;
				GENERATE_INFOPLIST_FILE = YES;
				INFOPLIST_FILE = "custom-message/Info.plist";
				INFOPLIST_KEY_UIApplicationSupportsIndirectInputEvents = YES;
				INFOPLIST_KEY_UILaunchStoryboardName = LaunchScreen;
				INFOPLIST_KEY_UIMainStoryboardFile = Main;
				INFOPLIST_KEY_UISupportedInterfaceOrientations_iPad = "UIInterfaceOrientationPortrait UIInterfaceOrientationPortraitUpsideDown UIInterfaceOrientationLandscapeLeft UIInterfaceOrientationLandscapeRight";
				INFOPLIST_KEY_UISupportedInterfaceOrientations_iPhone = "UIInterfaceOrientationPortrait UIInterfaceOrientationLandscapeLeft UIInterfaceOrientationLandscapeRight";
				LD_RUNPATH_SEARCH_PATHS = (
					"$(inherited)",
					"@executable_path/Frameworks",
				);
				MARKETING_VERSION = 1.0;
				PRODUCT_BUNDLE_IDENTIFIER = "com.samples.custom-message";
				PRODUCT_NAME = "$(TARGET_NAME)";
				SWIFT_EMIT_LOC_STRINGS = YES;
				SWIFT_VERSION = 5.0;
				TARGETED_DEVICE_FAMILY = "1,2";
			};
			name = Release;
		};
/* End XCBuildConfiguration section */

/* Begin XCConfigurationList section */
		4F29B3BA286C1259004950C1 /* Build configuration list for PBXProject "custom-message" */ = {
			isa = XCConfigurationList;
			buildConfigurations = (
				4F29B3D1286C125A004950C1 /* Debug */,
				4F29B3D2286C125A004950C1 /* Release */,
			);
			defaultConfigurationIsVisible = 0;
			defaultConfigurationName = Release;
		};
		4F29B3D3286C125A004950C1 /* Build configuration list for PBXNativeTarget "custom-message" */ = {
			isa = XCConfigurationList;
			buildConfigurations = (
				4F29B3D4286C125A004950C1 /* Debug */,
				4F29B3D5286C125A004950C1 /* Release */,
			);
			defaultConfigurationIsVisible = 0;
			defaultConfigurationName = Release;
		};
/* End XCConfigurationList section */
	};
	rootObject = 4F29B3B7286C1259004950C1 /* Project object */;
}
