// !$*UTF8*$!
{
	archiveVersion = 1;
	classes = {
	};
	objectVersion = 55;
	objects = {

/* Begin PBXBuildFile section */
		4FF27679279592950026516C /* AppDelegate.swift in Sources */ = {isa = PBXBuildFile; fileRef = 4FF27678279592950026516C /* AppDelegate.swift */; };
		4FF2767B279592950026516C /* SceneDelegate.swift in Sources */ = {isa = PBXBuildFile; fileRef = 4FF2767A279592950026516C /* SceneDelegate.swift */; };
		4FF2767D279592950026516C /* ViewController.swift in Sources */ = {isa = PBXBuildFile; fileRef = 4FF2767C279592950026516C /* ViewController.swift */; };
		4FF27680279592950026516C /* Main.storyboard in Resources */ = {isa = PBXBuildFile; fileRef = 4FF2767E279592950026516C /* Main.storyboard */; };
		4FF27682279592970026516C /* Assets.xcassets in Resources */ = {isa = PBXBuildFile; fileRef = 4FF27681279592970026516C /* Assets.xcassets */; };
		4FF27685279592970026516C /* LaunchScreen.storyboard in Resources */ = {isa = PBXBuildFile; fileRef = 4FF27683279592970026516C /* LaunchScreen.storyboard */; };
		4FF276922795BD630026516C /* CustomDialog.swift in Sources */ = {isa = PBXBuildFile; fileRef = 4FF276902795BD630026516C /* CustomDialog.swift */; };
		4FF276932795BD630026516C /* CustomDialog.xib in Resources */ = {isa = PBXBuildFile; fileRef = 4FF276912795BD630026516C /* CustomDialog.xib */; };
		4FF2769B2795C86F0026516C /* custom_alertviewTests.swift in Sources */ = {isa = PBXBuildFile; fileRef = 4FF2769A2795C86F0026516C /* custom_alertviewTests.swift */; };
/* End PBXBuildFile section */

/* Begin PBXContainerItemProxy section */
		4FF2769C2795C86F0026516C /* PBXContainerItemProxy */ = {
			isa = PBXContainerItemProxy;
			containerPortal = 4FF2766D279592950026516C /* Project object */;
			proxyType = 1;
			remoteGlobalIDString = 4FF27674279592950026516C;
			remoteInfo = "custom-alertview";
		};
/* End PBXContainerItemProxy section */

/* Begin PBXFileReference section */
		4FF27675279592950026516C /* custom-alertview.app */ = {isa = PBXFileReference; explicitFileType = wrapper.application; includeInIndex = 0; path = "custom-alertview.app"; sourceTree = BUILT_PRODUCTS_DIR; };
		4FF27678279592950026516C /* AppDelegate.swift */ = {isa = PBXFileReference; lastKnownFileType = sourcecode.swift; path = AppDelegate.swift; sourceTree = "<group>"; };
		4FF2767A279592950026516C /* SceneDelegate.swift */ = {isa = PBXFileReference; lastKnownFileType = sourcecode.swift; path = SceneDelegate.swift; sourceTree = "<group>"; };
		4FF2767C279592950026516C /* ViewController.swift */ = {isa = PBXFileReference; lastKnownFileType = sourcecode.swift; path = ViewController.swift; sourceTree = "<group>"; };
		4FF2767F279592950026516C /* Base */ = {isa = PBXFileReference; lastKnownFileType = file.storyboard; name = Base; path = Base.lproj/Main.storyboard; sourceTree = "<group>"; };
		4FF27681279592970026516C /* Assets.xcassets */ = {isa = PBXFileReference; lastKnownFileType = folder.assetcatalog; path = Assets.xcassets; sourceTree = "<group>"; };
		4FF27684279592970026516C /* Base */ = {isa = PBXFileReference; lastKnownFileType = file.storyboard; name = Base; path = Base.lproj/LaunchScreen.storyboard; sourceTree = "<group>"; };
		4FF27686279592970026516C /* Info.plist */ = {isa = PBXFileReference; lastKnownFileType = text.plist.xml; path = Info.plist; sourceTree = "<group>"; };
		4FF276902795BD630026516C /* CustomDialog.swift */ = {isa = PBXFileReference; lastKnownFileType = sourcecode.swift; path = CustomDialog.swift; sourceTree = "<group>"; };
		4FF276912795BD630026516C /* CustomDialog.xib */ = {isa = PBXFileReference; lastKnownFileType = file.xib; path = CustomDialog.xib; sourceTree = "<group>"; };
		4FF276982795C86F0026516C /* custom-alertviewTests.xctest */ = {isa = PBXFileReference; explicitFileType = wrapper.cfbundle; includeInIndex = 0; path = "custom-alertviewTests.xctest"; sourceTree = BUILT_PRODUCTS_DIR; };
		4FF2769A2795C86F0026516C /* custom_alertviewTests.swift */ = {isa = PBXFileReference; lastKnownFileType = sourcecode.swift; path = custom_alertviewTests.swift; sourceTree = "<group>"; };
/* End PBXFileReference section */

/* Begin PBXFrameworksBuildPhase section */
		4FF27672279592950026516C /* Frameworks */ = {
			isa = PBXFrameworksBuildPhase;
			buildActionMask = 2147483647;
			files = (
			);
			runOnlyForDeploymentPostprocessing = 0;
		};
		4FF276952795C86F0026516C /* Frameworks */ = {
			isa = PBXFrameworksBuildPhase;
			buildActionMask = 2147483647;
			files = (
			);
			runOnlyForDeploymentPostprocessing = 0;
		};
/* End PBXFrameworksBuildPhase section */

/* Begin PBXGroup section */
		4FF2766C279592950026516C = {
			isa = PBXGroup;
			children = (
				4FF27677279592950026516C /* custom-alertview */,
				4FF276992795C86F0026516C /* custom-alertviewTests */,
				4FF27676279592950026516C /* Products */,
			);
			sourceTree = "<group>";
		};
		4FF27676279592950026516C /* Products */ = {
			isa = PBXGroup;
			children = (
				4FF27675279592950026516C /* custom-alertview.app */,
				4FF276982795C86F0026516C /* custom-alertviewTests.xctest */,
			);
			name = Products;
			sourceTree = "<group>";
		};
		4FF27677279592950026516C /* custom-alertview */ = {
			isa = PBXGroup;
			children = (
				4FF27678279592950026516C /* AppDelegate.swift */,
				4FF2767A279592950026516C /* SceneDelegate.swift */,
				4FF2767C279592950026516C /* ViewController.swift */,
				4FF276902795BD630026516C /* CustomDialog.swift */,
				4FF276912795BD630026516C /* CustomDialog.xib */,
				4FF2767E279592950026516C /* Main.storyboard */,
				4FF27681279592970026516C /* Assets.xcassets */,
				4FF27683279592970026516C /* LaunchScreen.storyboard */,
				4FF27686279592970026516C /* Info.plist */,
			);
			path = "custom-alertview";
			sourceTree = "<group>";
		};
		4FF276992795C86F0026516C /* custom-alertviewTests */ = {
			isa = PBXGroup;
			children = (
				4FF2769A2795C86F0026516C /* custom_alertviewTests.swift */,
			);
			path = "custom-alertviewTests";
			sourceTree = "<group>";
		};
/* End PBXGroup section */

/* Begin PBXNativeTarget section */
		4FF27674279592950026516C /* custom-alertview */ = {
			isa = PBXNativeTarget;
			buildConfigurationList = 4FF27689279592970026516C /* Build configuration list for PBXNativeTarget "custom-alertview" */;
			buildPhases = (
				4FF27671279592950026516C /* Sources */,
				4FF27672279592950026516C /* Frameworks */,
				4FF27673279592950026516C /* Resources */,
			);
			buildRules = (
			);
			dependencies = (
			);
			name = "custom-alertview";
			productName = "custom-alertview";
			productReference = 4FF27675279592950026516C /* custom-alertview.app */;
			productType = "com.apple.product-type.application";
		};
		4FF276972795C86F0026516C /* custom-alertviewTests */ = {
			isa = PBXNativeTarget;
			buildConfigurationList = 4FF2769E2795C86F0026516C /* Build configuration list for PBXNativeTarget "custom-alertviewTests" */;
			buildPhases = (
				4FF276942795C86F0026516C /* Sources */,
				4FF276952795C86F0026516C /* Frameworks */,
				4FF276962795C86F0026516C /* Resources */,
			);
			buildRules = (
			);
			dependencies = (
				4FF2769D2795C86F0026516C /* PBXTargetDependency */,
			);
			name = "custom-alertviewTests";
			productName = "custom-alertviewTests";
			productReference = 4FF276982795C86F0026516C /* custom-alertviewTests.xctest */;
			productType = "com.apple.product-type.bundle.unit-test";
		};
/* End PBXNativeTarget section */

/* Begin PBXProject section */
		4FF2766D279592950026516C /* Project object */ = {
			isa = PBXProject;
			attributes = {
				BuildIndependentTargetsInParallel = 1;
				LastSwiftUpdateCheck = 1310;
				LastUpgradeCheck = 1310;
				TargetAttributes = {
					4FF27674279592950026516C = {
						CreatedOnToolsVersion = 13.1;
					};
					4FF276972795C86F0026516C = {
						CreatedOnToolsVersion = 13.1;
						TestTargetID = 4FF27674279592950026516C;
					};
				};
			};
			buildConfigurationList = 4FF27670279592950026516C /* Build configuration list for PBXProject "custom-alertview" */;
			compatibilityVersion = "Xcode 13.0";
			developmentRegion = en;
			hasScannedForEncodings = 0;
			knownRegions = (
				en,
				Base,
			);
			mainGroup = 4FF2766C279592950026516C;
			productRefGroup = 4FF27676279592950026516C /* Products */;
			projectDirPath = "";
			projectRoot = "";
			targets = (
				4FF27674279592950026516C /* custom-alertview */,
				4FF276972795C86F0026516C /* custom-alertviewTests */,
			);
		};
/* End PBXProject section */

/* Begin PBXResourcesBuildPhase section */
		4FF27673279592950026516C /* Resources */ = {
			isa = PBXResourcesBuildPhase;
			buildActionMask = 2147483647;
			files = (
				4FF27685279592970026516C /* LaunchScreen.storyboard in Resources */,
				4FF27682279592970026516C /* Assets.xcassets in Resources */,
				4FF276932795BD630026516C /* CustomDialog.xib in Resources */,
				4FF27680279592950026516C /* Main.storyboard in Resources */,
			);
			runOnlyForDeploymentPostprocessing = 0;
		};
		4FF276962795C86F0026516C /* Resources */ = {
			isa = PBXResourcesBuildPhase;
			buildActionMask = 2147483647;
			files = (
			);
			runOnlyForDeploymentPostprocessing = 0;
		};
/* End PBXResourcesBuildPhase section */

/* Begin PBXSourcesBuildPhase section */
		4FF27671279592950026516C /* Sources */ = {
			isa = PBXSourcesBuildPhase;
			buildActionMask = 2147483647;
			files = (
				4FF2767D279592950026516C /* ViewController.swift in Sources */,
				4FF27679279592950026516C /* AppDelegate.swift in Sources */,
				4FF276922795BD630026516C /* CustomDialog.swift in Sources */,
				4FF2767B279592950026516C /* SceneDelegate.swift in Sources */,
			);
			runOnlyForDeploymentPostprocessing = 0;
		};
		4FF276942795C86F0026516C /* Sources */ = {
			isa = PBXSourcesBuildPhase;
			buildActionMask = 2147483647;
			files = (
				4FF2769B2795C86F0026516C /* custom_alertviewTests.swift in Sources */,
			);
			runOnlyForDeploymentPostprocessing = 0;
		};
/* End PBXSourcesBuildPhase section */

/* Begin PBXTargetDependency section */
		4FF2769D2795C86F0026516C /* PBXTargetDependency */ = {
			isa = PBXTargetDependency;
			target = 4FF27674279592950026516C /* custom-alertview */;
			targetProxy = 4FF2769C2795C86F0026516C /* PBXContainerItemProxy */;
		};
/* End PBXTargetDependency section */

/* Begin PBXVariantGroup section */
		4FF2767E279592950026516C /* Main.storyboard */ = {
			isa = PBXVariantGroup;
			children = (
				4FF2767F279592950026516C /* Base */,
			);
			name = Main.storyboard;
			sourceTree = "<group>";
		};
		4FF27683279592970026516C /* LaunchScreen.storyboard */ = {
			isa = PBXVariantGroup;
			children = (
				4FF27684279592970026516C /* Base */,
			);
			name = LaunchScreen.storyboard;
			sourceTree = "<group>";
		};
/* End PBXVariantGroup section */

/* Begin XCBuildConfiguration section */
		4FF27687279592970026516C /* Debug */ = {
			isa = XCBuildConfiguration;
			buildSettings = {
				ALWAYS_SEARCH_USER_PATHS = NO;
				CLANG_ANALYZER_NONNULL = YES;
				CLANG_ANALYZER_NUMBER_OBJECT_CONVERSION = YES_AGGRESSIVE;
				CLANG_CXX_LANGUAGE_STANDARD = "gnu++17";
				CLANG_CXX_LIBRARY = "libc++";
				CLANG_ENABLE_MODULES = YES;
				CLANG_ENABLE_OBJC_ARC = YES;
				CLANG_ENABLE_OBJC_WEAK = YES;
				CLANG_WARN_BLOCK_CAPTURE_AUTORELEASING = YES;
				CLANG_WARN_BOOL_CONVERSION = YES;
				CLANG_WARN_COMMA = YES;
				CLANG_WARN_CONSTANT_CONVERSION = YES;
				CLANG_WARN_DEPRECATED_OBJC_IMPLEMENTATIONS = YES;
				CLANG_WARN_DIRECT_OBJC_ISA_USAGE = YES_ERROR;
				CLANG_WARN_DOCUMENTATION_COMMENTS = YES;
				CLANG_WARN_EMPTY_BODY = YES;
				CLANG_WARN_ENUM_CONVERSION = YES;
				CLANG_WARN_INFINITE_RECURSION = YES;
				CLANG_WARN_INT_CONVERSION = YES;
				CLANG_WARN_NON_LITERAL_NULL_CONVERSION = YES;
				CLANG_WARN_OBJC_IMPLICIT_RETAIN_SELF = YES;
				CLANG_WARN_OBJC_LITERAL_CONVERSION = YES;
				CLANG_WARN_OBJC_ROOT_CLASS = YES_ERROR;
				CLANG_WARN_QUOTED_INCLUDE_IN_FRAMEWORK_HEADER = YES;
				CLANG_WARN_RANGE_LOOP_ANALYSIS = YES;
				CLANG_WARN_STRICT_PROTOTYPES = YES;
				CLANG_WARN_SUSPICIOUS_MOVE = YES;
				CLANG_WARN_UNGUARDED_AVAILABILITY = YES_AGGRESSIVE;
				CLANG_WARN_UNREACHABLE_CODE = YES;
				CLANG_WARN__DUPLICATE_METHOD_MATCH = YES;
				COPY_PHASE_STRIP = NO;
				DEBUG_INFORMATION_FORMAT = dwarf;
				ENABLE_STRICT_OBJC_MSGSEND = YES;
				ENABLE_TESTABILITY = YES;
				GCC_C_LANGUAGE_STANDARD = gnu11;
				GCC_DYNAMIC_NO_PIC = NO;
				GCC_NO_COMMON_BLOCKS = YES;
				GCC_OPTIMIZATION_LEVEL = 0;
				GCC_PREPROCESSOR_DEFINITIONS = (
					"DEBUG=1",
					"$(inherited)",
				);
				GCC_WARN_64_TO_32_BIT_CONVERSION = YES;
				GCC_WARN_ABOUT_RETURN_TYPE = YES_ERROR;
				GCC_WARN_UNDECLARED_SELECTOR = YES;
				GCC_WARN_UNINITIALIZED_AUTOS = YES_AGGRESSIVE;
				GCC_WARN_UNUSED_FUNCTION = YES;
				GCC_WARN_UNUSED_VARIABLE = YES;
				IPHONEOS_DEPLOYMENT_TARGET = 15.0;
				MTL_ENABLE_DEBUG_INFO = INCLUDE_SOURCE;
				MTL_FAST_MATH = YES;
				ONLY_ACTIVE_ARCH = YES;
				SDKROOT = iphoneos;
				SWIFT_ACTIVE_COMPILATION_CONDITIONS = DEBUG;
				SWIFT_OPTIMIZATION_LEVEL = "-Onone";
			};
			name = Debug;
		};
		4FF27688279592970026516C /* Release */ = {
			isa = XCBuildConfiguration;
			buildSettings = {
				ALWAYS_SEARCH_USER_PATHS = NO;
				CLANG_ANALYZER_NONNULL = YES;
				CLANG_ANALYZER_NUMBER_OBJECT_CONVERSION = YES_AGGRESSIVE;
				CLANG_CXX_LANGUAGE_STANDARD = "gnu++17";
				CLANG_CXX_LIBRARY = "libc++";
				CLANG_ENABLE_MODULES = YES;
				CLANG_ENABLE_OBJC_ARC = YES;
				CLANG_ENABLE_OBJC_WEAK = YES;
				CLANG_WARN_BLOCK_CAPTURE_AUTORELEASING = YES;
				CLANG_WARN_BOOL_CONVERSION = YES;
				CLANG_WARN_COMMA = YES;
				CLANG_WARN_CONSTANT_CONVERSION = YES;
				CLANG_WARN_DEPRECATED_OBJC_IMPLEMENTATIONS = YES;
				CLANG_WARN_DIRECT_OBJC_ISA_USAGE = YES_ERROR;
				CLANG_WARN_DOCUMENTATION_COMMENTS = YES;
				CLANG_WARN_EMPTY_BODY = YES;
				CLANG_WARN_ENUM_CONVERSION = YES;
				CLANG_WARN_INFINITE_RECURSION = YES;
				CLANG_WARN_INT_CONVERSION = YES;
				CLANG_WARN_NON_LITERAL_NULL_CONVERSION = YES;
				CLANG_WARN_OBJC_IMPLICIT_RETAIN_SELF = YES;
				CLANG_WARN_OBJC_LITERAL_CONVERSION = YES;
				CLANG_WARN_OBJC_ROOT_CLASS = YES_ERROR;
				CLANG_WARN_QUOTED_INCLUDE_IN_FRAMEWORK_HEADER = YES;
				CLANG_WARN_RANGE_LOOP_ANALYSIS = YES;
				CLANG_WARN_STRICT_PROTOTYPES = YES;
				CLANG_WARN_SUSPICIOUS_MOVE = YES;
				CLANG_WARN_UNGUARDED_AVAILABILITY = YES_AGGRESSIVE;
				CLANG_WARN_UNREACHABLE_CODE = YES;
				CLANG_WARN__DUPLICATE_METHOD_MATCH = YES;
				COPY_PHASE_STRIP = NO;
				DEBUG_INFORMATION_FORMAT = "dwarf-with-dsym";
				ENABLE_NS_ASSERTIONS = NO;
				ENABLE_STRICT_OBJC_MSGSEND = YES;
				GCC_C_LANGUAGE_STANDARD = gnu11;
				GCC_NO_COMMON_BLOCKS = YES;
				GCC_WARN_64_TO_32_BIT_CONVERSION = YES;
				GCC_WARN_ABOUT_RETURN_TYPE = YES_ERROR;
				GCC_WARN_UNDECLARED_SELECTOR = YES;
				GCC_WARN_UNINITIALIZED_AUTOS = YES_AGGRESSIVE;
				GCC_WARN_UNUSED_FUNCTION = YES;
				GCC_WARN_UNUSED_VARIABLE = YES;
				IPHONEOS_DEPLOYMENT_TARGET = 15.0;
				MTL_ENABLE_DEBUG_INFO = NO;
				MTL_FAST_MATH = YES;
				SDKROOT = iphoneos;
				SWIFT_COMPILATION_MODE = wholemodule;
				SWIFT_OPTIMIZATION_LEVEL = "-O";
				VALIDATE_PRODUCT = YES;
			};
			name = Release;
		};
		4FF2768A279592970026516C /* Debug */ = {
			isa = XCBuildConfiguration;
			buildSettings = {
				ASSETCATALOG_COMPILER_APPICON_NAME = AppIcon;
				ASSETCATALOG_COMPILER_GLOBAL_ACCENT_COLOR_NAME = AccentColor;
				CODE_SIGN_STYLE = Automatic;
				CURRENT_PROJECT_VERSION = 1;
				GENERATE_INFOPLIST_FILE = YES;
				INFOPLIST_FILE = "custom-alertview/Info.plist";
				INFOPLIST_KEY_UIApplicationSupportsIndirectInputEvents = YES;
				INFOPLIST_KEY_UILaunchStoryboardName = LaunchScreen;
				INFOPLIST_KEY_UIMainStoryboardFile = Main;
				INFOPLIST_KEY_UISupportedInterfaceOrientations_iPad = "UIInterfaceOrientationPortrait UIInterfaceOrientationPortraitUpsideDown UIInterfaceOrientationLandscapeLeft UIInterfaceOrientationLandscapeRight";
				INFOPLIST_KEY_UISupportedInterfaceOrientations_iPhone = "UIInterfaceOrientationPortrait UIInterfaceOrientationLandscapeLeft UIInterfaceOrientationLandscapeRight";
				LD_RUNPATH_SEARCH_PATHS = (
					"$(inherited)",
					"@executable_path/Frameworks",
				);
				MARKETING_VERSION = 1.0;
				PRODUCT_BUNDLE_IDENTIFIER = "com.samples.custom-alertview";
				PRODUCT_NAME = "$(TARGET_NAME)";
				SWIFT_EMIT_LOC_STRINGS = YES;
				SWIFT_VERSION = 5.0;
				TARGETED_DEVICE_FAMILY = "1,2";
			};
			name = Debug;
		};
		4FF2768B279592970026516C /* Release */ = {
			isa = XCBuildConfiguration;
			buildSettings = {
				ASSETCATALOG_COMPILER_APPICON_NAME = AppIcon;
				ASSETCATALOG_COMPILER_GLOBAL_ACCENT_COLOR_NAME = AccentColor;
				CODE_SIGN_STYLE = Automatic;
				CURRENT_PROJECT_VERSION = 1;
				GENERATE_INFOPLIST_FILE = YES;
				INFOPLIST_FILE = "custom-alertview/Info.plist";
				INFOPLIST_KEY_UIApplicationSupportsIndirectInputEvents = YES;
				INFOPLIST_KEY_UILaunchStoryboardName = LaunchScreen;
				INFOPLIST_KEY_UIMainStoryboardFile = Main;
				INFOPLIST_KEY_UISupportedInterfaceOrientations_iPad = "UIInterfaceOrientationPortrait UIInterfaceOrientationPortraitUpsideDown UIInterfaceOrientationLandscapeLeft UIInterfaceOrientationLandscapeRight";
				INFOPLIST_KEY_UISupportedInterfaceOrientations_iPhone = "UIInterfaceOrientationPortrait UIInterfaceOrientationLandscapeLeft UIInterfaceOrientationLandscapeRight";
				LD_RUNPATH_SEARCH_PATHS = (
					"$(inherited)",
					"@executable_path/Frameworks",
				);
				MARKETING_VERSION = 1.0;
				PRODUCT_BUNDLE_IDENTIFIER = "com.samples.custom-alertview";
				PRODUCT_NAME = "$(TARGET_NAME)";
				SWIFT_EMIT_LOC_STRINGS = YES;
				SWIFT_VERSION = 5.0;
				TARGETED_DEVICE_FAMILY = "1,2";
			};
			name = Release;
		};
		4FF2769F2795C86F0026516C /* Debug */ = {
			isa = XCBuildConfiguration;
			buildSettings = {
				BUNDLE_LOADER = "$(TEST_HOST)";
				CODE_SIGN_STYLE = Automatic;
				CURRENT_PROJECT_VERSION = 1;
				GENERATE_INFOPLIST_FILE = YES;
				LD_RUNPATH_SEARCH_PATHS = (
					"$(inherited)",
					"@executable_path/Frameworks",
					"@loader_path/Frameworks",
				);
				MARKETING_VERSION = 1.0;
				PRODUCT_BUNDLE_IDENTIFIER = "com.samples.custom-alertviewTests";
				PRODUCT_NAME = "$(TARGET_NAME)";
				SWIFT_EMIT_LOC_STRINGS = NO;
				SWIFT_VERSION = 5.0;
				TARGETED_DEVICE_FAMILY = "1,2";
				TEST_HOST = "$(BUILT_PRODUCTS_DIR)/custom-alertview.app/custom-alertview";
			};
			name = Debug;
		};
		4FF276A02795C86F0026516C /* Release */ = {
			isa = XCBuildConfiguration;
			buildSettings = {
				BUNDLE_LOADER = "$(TEST_HOST)";
				CODE_SIGN_STYLE = Automatic;
				CURRENT_PROJECT_VERSION = 1;
				GENERATE_INFOPLIST_FILE = YES;
				LD_RUNPATH_SEARCH_PATHS = (
					"$(inherited)",
					"@executable_path/Frameworks",
					"@loader_path/Frameworks",
				);
				MARKETING_VERSION = 1.0;
				PRODUCT_BUNDLE_IDENTIFIER = "com.samples.custom-alertviewTests";
				PRODUCT_NAME = "$(TARGET_NAME)";
				SWIFT_EMIT_LOC_STRINGS = NO;
				SWIFT_VERSION = 5.0;
				TARGETED_DEVICE_FAMILY = "1,2";
				TEST_HOST = "$(BUILT_PRODUCTS_DIR)/custom-alertview.app/custom-alertview";
			};
			name = Release;
		};
/* End XCBuildConfiguration section */

/* Begin XCConfigurationList section */
		4FF27670279592950026516C /* Build configuration list for PBXProject "custom-alertview" */ = {
			isa = XCConfigurationList;
			buildConfigurations = (
				4FF27687279592970026516C /* Debug */,
				4FF27688279592970026516C /* Release */,
			);
			defaultConfigurationIsVisible = 0;
			defaultConfigurationName = Release;
		};
		4FF27689279592970026516C /* Build configuration list for PBXNativeTarget "custom-alertview" */ = {
			isa = XCConfigurationList;
			buildConfigurations = (
				4FF2768A279592970026516C /* Debug */,
				4FF2768B279592970026516C /* Release */,
			);
			defaultConfigurationIsVisible = 0;
			defaultConfigurationName = Release;
		};
		4FF2769E2795C86F0026516C /* Build configuration list for PBXNativeTarget "custom-alertviewTests" */ = {
			isa = XCConfigurationList;
			buildConfigurations = (
				4FF2769F2795C86F0026516C /* Debug */,
				4FF276A02795C86F0026516C /* Release */,
			);
			defaultConfigurationIsVisible = 0;
			defaultConfigurationName = Release;
		};
/* End XCConfigurationList section */
	};
	rootObject = 4FF2766D279592950026516C /* Project object */;
}
